
Microsoft Visual Studio Solution File, Format Version 12.00
# Visual Studio Version 17
VisualStudioVersion = 17.6.33829.357
MinimumVisualStudioVersion = 10.0.40219.1
Project("{FAE04EC0-301F-11D3-BF4B-00C04F79EFBC}") = "Sabujcha", "Sabujcha\Sabujcha.csproj", "{D300804B-4E90-4477-B006-3C5E8BC3F4AD}"
EndProject
Global
	GlobalSection(SolutionConfigurationPlatforms) = preSolution
		Debug|Any CPU = Debug|Any CPU
		Release|Any CPU = Release|Any CPU
	EndGlobalSection
	GlobalSection(ProjectConfigurationPlatforms) = postSolution
		{D300804B-4E90-4477-B006-3C5E8BC3F4AD}.Debug|Any CPU.ActiveCfg = Debug|Any CPU
		{D300804B-4E90-4477-B006-3C5E8BC3F4AD}.Debug|Any CPU.Build.0 = Debug|Any CPU
		{D300804B-4E90-4477-B006-3C5E8BC3F4AD}.Release|Any CPU.ActiveCfg = Release|Any CPU
		{D300804B-4E90-4477-B006-3C5E8BC3F4AD}.Release|Any CPU.Build.0 = Release|Any CPU
	EndGlobalSection
	GlobalSection(SolutionProperties) = preSolution
		HideSolutionNode = FALSE
	EndGlobalSection
	GlobalSection(ExtensibilityGlobals) = postSolution
		SolutionGuid = {36BF7C79-918C-46F3-BCDD-EB5DA5BFFF49}
	EndGlobalSection
EndGlobal
